
Microsoft Visual Studio Solution File, Format Version 12.00
# Visual Studio 15
VisualStudioVersion = 15.0.28307.1209
MinimumVisualStudioVersion = 10.0.40219.1
Project("{8BC9CEB8-8B4A-11D0-8D11-00A0C91BC942}") = "Lab1", "Lab1\Lab1.vcxproj", "{B606B84B-9974-484E-885F-404A30631085}"
EndProject
Global
	GlobalSection(SolutionConfigurationPlatforms) = preSolution
		Debug|x64 = Debug|x64
		Debug|x86 = Debug|x86
		Release|x64 = Release|x64
		Release|x86 = Release|x86
	EndGlobalSection
	GlobalSection(ProjectConfigurationPlatforms) = postSolution
		{B606B84B-9974-484E-885F-404A30631085}.Debug|x64.ActiveCfg = Debug|x64
		{B606B84B-9974-484E-885F-404A30631085}.Debug|x64.Build.0 = Debug|x64
		{B606B84B-9974-484E-885F-404A30631085}.Debug|x86.ActiveCfg = Debug|Win32
		{B606B84B-9974-484E-885F-404A30631085}.Debug|x86.Build.0 = Debug|Win32
		{B606B84B-9974-484E-885F-404A30631085}.Release|x64.ActiveCfg = Release|x64
		{B606B84B-9974-484E-885F-404A30631085}.Release|x64.Build.0 = Release|x64
		{B606B84B-9974-484E-885F-404A30631085}.Release|x86.ActiveCfg = Release|Win32
		{B606B84B-9974-484E-885F-404A30631085}.Release|x86.Build.0 = Release|Win32
	EndGlobalSection
	GlobalSection(SolutionProperties) = preSolution
		HideSolutionNode = FALSE
	EndGlobalSection
	GlobalSection(ExtensibilityGlobals) = postSolution
		SolutionGuid = {BE7ACD4D-8601-4FDF-9C07-25BCEE20AEB3}
	EndGlobalSection
EndGlobal
